{
  "originHash" : "ad0e467081f74c6e0194d99a2e931ef1164c95f0ddd20057b78d3e1da95a6739",
  "pins" : [
    {
      "identity" : "simplekeychain",
      "kind" : "remoteSourceControl",
      "location" : "https://github.com/auth0/SimpleKeychain.git",
      "state" : {
        "revision" : "776c4a6db74d5c6c143974be91c383680d468630",
        "version" : "1.3.0"
      }
    }
  ],
  "version" : 3
}
